
Microsoft Visual Studio Solution File, Format Version 12.00
# Visual Studio Version 17
VisualStudioVersion = 17.3.32922.545
MinimumVisualStudioVersion = 10.0.40219.1
Project("{FAE04EC0-301F-11D3-BF4B-00C04F79EFBC}") = "Crosslab3", "Crosslab3\Crosslab3.csproj", "{D9E1DBB6-2939-460D-A386-C4C66819BC41}"
EndProject
Global
	GlobalSection(SolutionConfigurationPlatforms) = preSolution
		Debug|Any CPU = Debug|Any CPU
		Release|Any CPU = Release|Any CPU
	EndGlobalSection
	GlobalSection(ProjectConfigurationPlatforms) = postSolution
		{D9E1DBB6-2939-460D-A386-C4C66819BC41}.Debug|Any CPU.ActiveCfg = Debug|Any CPU
		{D9E1DBB6-2939-460D-A386-C4C66819BC41}.Debug|Any CPU.Build.0 = Debug|Any CPU
		{D9E1DBB6-2939-460D-A386-C4C66819BC41}.Release|Any CPU.ActiveCfg = Release|Any CPU
		{D9E1DBB6-2939-460D-A386-C4C66819BC41}.Release|Any CPU.Build.0 = Release|Any CPU
	EndGlobalSection
	GlobalSection(SolutionProperties) = preSolution
		HideSolutionNode = FALSE
	EndGlobalSection
	GlobalSection(ExtensibilityGlobals) = postSolution
		SolutionGuid = {31468B86-00DB-496B-839C-FDF61AD27CA1}
	EndGlobalSection
EndGlobal
